
Microsoft Visual Studio Solution File, Format Version 11.00
# Visual Studio 2010
Project("{FAE04EC0-301F-11D3-BF4B-00C04F79EFBC}") = "Assembly-CSharp", "Assembly-CSharp.csproj", "{127c70ff-7d48-b8f1-7363-9b3a57ae31a8}"
EndProject
Project("{FAE04EC0-301F-11D3-BF4B-00C04F79EFBC}") = "TextToTMP.Editor", "TextToTMP.Editor.csproj", "{6df8a63e-274c-79f4-b1c1-1317110951a5}"
EndProject
Global
	GlobalSection(SolutionConfigurationPlatforms) = preSolution
		Debug|Any CPU = Debug|Any CPU
		Release|Any CPU = Release|Any CPU
	EndGlobalSection
	GlobalSection(ProjectConfigurationPlatforms) = postSolution
		{127c70ff-7d48-b8f1-7363-9b3a57ae31a8}.Debug|Any CPU.ActiveCfg = Debug|Any CPU
		{127c70ff-7d48-b8f1-7363-9b3a57ae31a8}.Debug|Any CPU.Build.0 = Debug|Any CPU
		{127c70ff-7d48-b8f1-7363-9b3a57ae31a8}.Release|Any CPU.ActiveCfg = Release|Any CPU
		{127c70ff-7d48-b8f1-7363-9b3a57ae31a8}.Release|Any CPU.Build.0 = Release|Any CPU
		{6df8a63e-274c-79f4-b1c1-1317110951a5}.Debug|Any CPU.ActiveCfg = Debug|Any CPU
		{6df8a63e-274c-79f4-b1c1-1317110951a5}.Debug|Any CPU.Build.0 = Debug|Any CPU
		{6df8a63e-274c-79f4-b1c1-1317110951a5}.Release|Any CPU.ActiveCfg = Release|Any CPU
		{6df8a63e-274c-79f4-b1c1-1317110951a5}.Release|Any CPU.Build.0 = Release|Any CPU
	EndGlobalSection
	GlobalSection(SolutionProperties) = preSolution
		HideSolutionNode = FALSE
	EndGlobalSection
EndGlobal
